
Microsoft Visual Studio Solution File, Format Version 11.00
# Visual Studio 2010
Project("{FAE04EC0-301F-11D3-BF4B-00C04F79EFBC}") = "CS-Mono-SteamBot", "CS-Mono-SteamBot.csproj", "{8C909A53-414D-48BB-A2F4-20B08AADC0BA}"
EndProject
Global
	GlobalSection(SolutionConfigurationPlatforms) = preSolution
		Debug|x86 = Debug|x86
		Release|x86 = Release|x86
	EndGlobalSection
	GlobalSection(ProjectConfigurationPlatforms) = postSolution
		{8C909A53-414D-48BB-A2F4-20B08AADC0BA}.Debug|x86.ActiveCfg = Debug|x86
		{8C909A53-414D-48BB-A2F4-20B08AADC0BA}.Debug|x86.Build.0 = Debug|x86
		{8C909A53-414D-48BB-A2F4-20B08AADC0BA}.Release|x86.ActiveCfg = Release|x86
		{8C909A53-414D-48BB-A2F4-20B08AADC0BA}.Release|x86.Build.0 = Release|x86
	EndGlobalSection
	GlobalSection(MonoDevelopProperties) = preSolution
		StartupItem = CS-Mono-SteamBot.csproj
	EndGlobalSection
EndGlobal
